
Microsoft Visual Studio Solution File, Format Version 12.00
# Visual Studio Version 16
VisualStudioVersion = 16.0.31402.337
MinimumVisualStudioVersion = 10.0.40219.1
Project("{9A19103F-16F7-4668-BE54-9A1E7A4F7556}") = "FactoryMethod", "FactoryMethod\FactoryMethod.csproj", "{86083EED-A1C9-4B93-9558-A1B485D0E2B9}"
EndProject
Project("{2150E333-8FDC-42A3-9474-1A3956D46DE8}") = "Criacao", "Criacao", "{5C80D654-FDCE-4A6E-B90B-07083CF0DB77}"
EndProject
Project("{FAE04EC0-301F-11D3-BF4B-00C04F79EFBC}") = "AbstractFactory", "AbstractFactory\AbstractFactory.csproj", "{31FF85D6-B7EB-4B69-82B4-FCE357945FEE}"
EndProject
Project("{FAE04EC0-301F-11D3-BF4B-00C04F79EFBC}") = "Singleton", "Singleton\Singleton.csproj", "{14A818F0-B8C4-4A7A-8724-5B59844072B1}"
EndProject
Global
	GlobalSection(SolutionConfigurationPlatforms) = preSolution
		Debug|Any CPU = Debug|Any CPU
		Release|Any CPU = Release|Any CPU
	EndGlobalSection
	GlobalSection(ProjectConfigurationPlatforms) = postSolution
		{86083EED-A1C9-4B93-9558-A1B485D0E2B9}.Debug|Any CPU.ActiveCfg = Debug|Any CPU
		{86083EED-A1C9-4B93-9558-A1B485D0E2B9}.Debug|Any CPU.Build.0 = Debug|Any CPU
		{86083EED-A1C9-4B93-9558-A1B485D0E2B9}.Release|Any CPU.ActiveCfg = Release|Any CPU
		{86083EED-A1C9-4B93-9558-A1B485D0E2B9}.Release|Any CPU.Build.0 = Release|Any CPU
		{31FF85D6-B7EB-4B69-82B4-FCE357945FEE}.Debug|Any CPU.ActiveCfg = Debug|Any CPU
		{31FF85D6-B7EB-4B69-82B4-FCE357945FEE}.Debug|Any CPU.Build.0 = Debug|Any CPU
		{31FF85D6-B7EB-4B69-82B4-FCE357945FEE}.Release|Any CPU.ActiveCfg = Release|Any CPU
		{31FF85D6-B7EB-4B69-82B4-FCE357945FEE}.Release|Any CPU.Build.0 = Release|Any CPU
		{14A818F0-B8C4-4A7A-8724-5B59844072B1}.Debug|Any CPU.ActiveCfg = Debug|Any CPU
		{14A818F0-B8C4-4A7A-8724-5B59844072B1}.Debug|Any CPU.Build.0 = Debug|Any CPU
		{14A818F0-B8C4-4A7A-8724-5B59844072B1}.Release|Any CPU.ActiveCfg = Release|Any CPU
		{14A818F0-B8C4-4A7A-8724-5B59844072B1}.Release|Any CPU.Build.0 = Release|Any CPU
	EndGlobalSection
	GlobalSection(SolutionProperties) = preSolution
		HideSolutionNode = FALSE
	EndGlobalSection
	GlobalSection(NestedProjects) = preSolution
		{86083EED-A1C9-4B93-9558-A1B485D0E2B9} = {5C80D654-FDCE-4A6E-B90B-07083CF0DB77}
		{31FF85D6-B7EB-4B69-82B4-FCE357945FEE} = {5C80D654-FDCE-4A6E-B90B-07083CF0DB77}
		{14A818F0-B8C4-4A7A-8724-5B59844072B1} = {5C80D654-FDCE-4A6E-B90B-07083CF0DB77}
	EndGlobalSection
	GlobalSection(ExtensibilityGlobals) = postSolution
		SolutionGuid = {29CD0AE8-4A37-4793-B801-683A2A54C763}
	EndGlobalSection
EndGlobal
